
Microsoft Visual Studio Solution File, Format Version 12.00
# Visual Studio Version 16
VisualStudioVersion = 16.0.30907.101
MinimumVisualStudioVersion = 10.0.40219.1
Project("{FAE04EC0-301F-11D3-BF4B-00C04F79EFBC}") = "ClassMethodDemo", "ClassMethodDemo\ClassMethodDemo.csproj", "{84CBD616-0D96-4DB2-9200-E8E79429C068}"
EndProject
Global
	GlobalSection(SolutionConfigurationPlatforms) = preSolution
		Debug|Any CPU = Debug|Any CPU
		Release|Any CPU = Release|Any CPU
	EndGlobalSection
	GlobalSection(ProjectConfigurationPlatforms) = postSolution
		{84CBD616-0D96-4DB2-9200-E8E79429C068}.Debug|Any CPU.ActiveCfg = Debug|Any CPU
		{84CBD616-0D96-4DB2-9200-E8E79429C068}.Debug|Any CPU.Build.0 = Debug|Any CPU
		{84CBD616-0D96-4DB2-9200-E8E79429C068}.Release|Any CPU.ActiveCfg = Release|Any CPU
		{84CBD616-0D96-4DB2-9200-E8E79429C068}.Release|Any CPU.Build.0 = Release|Any CPU
	EndGlobalSection
	GlobalSection(SolutionProperties) = preSolution
		HideSolutionNode = FALSE
	EndGlobalSection
	GlobalSection(ExtensibilityGlobals) = postSolution
		SolutionGuid = {68488BA4-BBBC-4108-A367-B4CDE9432B41}
	EndGlobalSection
EndGlobal
